
Microsoft Visual Studio Solution File, Format Version 12.00
# Visual Studio Version 16
VisualStudioVersion = 16.0.31005.135
MinimumVisualStudioVersion = 10.0.40219.1
Project("{FAE04EC0-301F-11D3-BF4B-00C04F79EFBC}") = "pin movie", "pin movie\pin movie.csproj", "{88EA9457-B52B-4F20-B83A-0841BD5944AD}"
EndProject
Global
	GlobalSection(SolutionConfigurationPlatforms) = preSolution
		Debug|Any CPU = Debug|Any CPU
		Release|Any CPU = Release|Any CPU
	EndGlobalSection
	GlobalSection(ProjectConfigurationPlatforms) = postSolution
		{88EA9457-B52B-4F20-B83A-0841BD5944AD}.Debug|Any CPU.ActiveCfg = Debug|Any CPU
		{88EA9457-B52B-4F20-B83A-0841BD5944AD}.Debug|Any CPU.Build.0 = Debug|Any CPU
		{88EA9457-B52B-4F20-B83A-0841BD5944AD}.Release|Any CPU.ActiveCfg = Release|Any CPU
		{88EA9457-B52B-4F20-B83A-0841BD5944AD}.Release|Any CPU.Build.0 = Release|Any CPU
	EndGlobalSection
	GlobalSection(SolutionProperties) = preSolution
		HideSolutionNode = FALSE
	EndGlobalSection
	GlobalSection(ExtensibilityGlobals) = postSolution
		SolutionGuid = {925DA21E-6BF5-43F3-AB4B-7C5E9B89AFDD}
	EndGlobalSection
EndGlobal
